// !$*UTF8*$!
{
	archiveVersion = 1;
	classes = {
	};
	objectVersion = 46;
	objects = {

/* Begin PBXBuildFile section */
		8103C4D31E0E82D2004C631D /* AppDelegate.swift in Sources */ = {isa = PBXBuildFile; fileRef = 8103C4D21E0E82D2004C631D /* AppDelegate.swift */; };
		8103C4D51E0E82D2004C631D /* ViewController.swift in Sources */ = {isa = PBXBuildFile; fileRef = 8103C4D41E0E82D2004C631D /* ViewController.swift */; };
		8103C4D81E0E82D2004C631D /* Main.storyboard in Resources */ = {isa = PBXBuildFile; fileRef = 8103C4D61E0E82D2004C631D /* Main.storyboard */; };
		8103C4DA1E0E82D2004C631D /* Assets.xcassets in Resources */ = {isa = PBXBuildFile; fileRef = 8103C4D91E0E82D2004C631D /* Assets.xcassets */; };
		8103C4DD1E0E82D2004C631D /* LaunchScreen.storyboard in Resources */ = {isa = PBXBuildFile; fileRef = 8103C4DB1E0E82D2004C631D /* LaunchScreen.storyboard */; };
		8103C4E51E0E837E004C631D /* GridCollectionViewLayout.swift in Sources */ = {isa = PBXBuildFile; fileRef = 8103C4E41E0E837E004C631D /* GridCollectionViewLayout.swift */; };
		8103C4E71E0FD082004C631D /* GridColumnHeaderCell.xib in Resources */ = {isa = PBXBuildFile; fileRef = 8103C4E61E0FD082004C631D /* GridColumnHeaderCell.xib */; };
		8103C4E91E0FD0FA004C631D /* GridRowHeaderCell.xib in Resources */ = {isa = PBXBuildFile; fileRef = 8103C4E81E0FD0FA004C631D /* GridRowHeaderCell.xib */; };
		8103C4EB1E0FD126004C631D /* GridItemCell.xib in Resources */ = {isa = PBXBuildFile; fileRef = 8103C4EA1E0FD126004C631D /* GridItemCell.xib */; };
/* End PBXBuildFile section */

/* Begin PBXFileReference section */
		8103C4CF1E0E82D2004C631D /* Grid.app */ = {isa = PBXFileReference; explicitFileType = wrapper.application; includeInIndex = 0; path = Grid.app; sourceTree = BUILT_PRODUCTS_DIR; };
		8103C4D21E0E82D2004C631D /* AppDelegate.swift */ = {isa = PBXFileReference; lastKnownFileType = sourcecode.swift; path = AppDelegate.swift; sourceTree = "<group>"; };
		8103C4D41E0E82D2004C631D /* ViewController.swift */ = {isa = PBXFileReference; lastKnownFileType = sourcecode.swift; path = ViewController.swift; sourceTree = "<group>"; };
		8103C4D71E0E82D2004C631D /* Base */ = {isa = PBXFileReference; lastKnownFileType = file.storyboard; name = Base; path = Base.lproj/Main.storyboard; sourceTree = "<group>"; };
		8103C4D91E0E82D2004C631D /* Assets.xcassets */ = {isa = PBXFileReference; lastKnownFileType = folder.assetcatalog; path = Assets.xcassets; sourceTree = "<group>"; };
		8103C4DC1E0E82D2004C631D /* Base */ = {isa = PBXFileReference; lastKnownFileType = file.storyboard; name = Base; path = Base.lproj/LaunchScreen.storyboard; sourceTree = "<group>"; };
		8103C4DE1E0E82D2004C631D /* Info.plist */ = {isa = PBXFileReference; lastKnownFileType = text.plist.xml; path = Info.plist; sourceTree = "<group>"; };
		8103C4E41E0E837E004C631D /* GridCollectionViewLayout.swift */ = {isa = PBXFileReference; fileEncoding = 4; lastKnownFileType = sourcecode.swift; path = GridCollectionViewLayout.swift; sourceTree = "<group>"; };
		8103C4E61E0FD082004C631D /* GridColumnHeaderCell.xib */ = {isa = PBXFileReference; fileEncoding = 4; lastKnownFileType = file.xib; path = GridColumnHeaderCell.xib; sourceTree = "<group>"; };
		8103C4E81E0FD0FA004C631D /* GridRowHeaderCell.xib */ = {isa = PBXFileReference; fileEncoding = 4; lastKnownFileType = file.xib; path = GridRowHeaderCell.xib; sourceTree = "<group>"; };
		8103C4EA1E0FD126004C631D /* GridItemCell.xib */ = {isa = PBXFileReference; fileEncoding = 4; lastKnownFileType = file.xib; path = GridItemCell.xib; sourceTree = "<group>"; };
/* End PBXFileReference section */

/* Begin PBXFrameworksBuildPhase section */
		8103C4CC1E0E82D0004C631D /* Frameworks */ = {
			isa = PBXFrameworksBuildPhase;
			buildActionMask = 2147483647;
			files = (
			);
			runOnlyForDeploymentPostprocessing = 0;
		};
/* End PBXFrameworksBuildPhase section */

/* Begin PBXGroup section */
		8103C4C61E0E82CF004C631D = {
			isa = PBXGroup;
			children = (
				8103C4D11E0E82D2004C631D /* Grid */,
				8103C4D01E0E82D2004C631D /* Products */,
			);
			sourceTree = "<group>";
		};
		8103C4D01E0E82D2004C631D /* Products */ = {
			isa = PBXGroup;
			children = (
				8103C4CF1E0E82D2004C631D /* Grid.app */,
			);
			name = Products;
			sourceTree = "<group>";
		};
		8103C4D11E0E82D2004C631D /* Grid */ = {
			isa = PBXGroup;
			children = (
				8103C4D21E0E82D2004C631D /* AppDelegate.swift */,
				8103C4D41E0E82D2004C631D /* ViewController.swift */,
				8103C4D61E0E82D2004C631D /* Main.storyboard */,
				8103C4D91E0E82D2004C631D /* Assets.xcassets */,
				8103C4DB1E0E82D2004C631D /* LaunchScreen.storyboard */,
				8103C4DE1E0E82D2004C631D /* Info.plist */,
				8103C4E41E0E837E004C631D /* GridCollectionViewLayout.swift */,
				8103C4E61E0FD082004C631D /* GridColumnHeaderCell.xib */,
				8103C4E81E0FD0FA004C631D /* GridRowHeaderCell.xib */,
				8103C4EA1E0FD126004C631D /* GridItemCell.xib */,
			);
			path = Grid;
			sourceTree = "<group>";
		};
/* End PBXGroup section */

/* Begin PBXNativeTarget section */
		8103C4CE1E0E82D0004C631D /* Grid */ = {
			isa = PBXNativeTarget;
			buildConfigurationList = 8103C4E11E0E82D2004C631D /* Build configuration list for PBXNativeTarget "Grid" */;
			buildPhases = (
				8103C4CB1E0E82D0004C631D /* Sources */,
				8103C4CC1E0E82D0004C631D /* Frameworks */,
				8103C4CD1E0E82D0004C631D /* Resources */,
			);
			buildRules = (
			);
			dependencies = (
			);
			name = Grid;
			productName = Grid;
			productReference = 8103C4CF1E0E82D2004C631D /* Grid.app */;
			productType = "com.apple.product-type.application";
		};
/* End PBXNativeTarget section */

/* Begin PBXProject section */
		8103C4C71E0E82CF004C631D /* Project object */ = {
			isa = PBXProject;
			attributes = {
				LastSwiftUpdateCheck = 0820;
				LastUpgradeCheck = 0820;
				ORGANIZATIONNAME = "In-house Development";
				TargetAttributes = {
					8103C4CE1E0E82D0004C631D = {
						CreatedOnToolsVersion = 8.2.1;
						DevelopmentTeam = 3WTWCVH7JG;
						ProvisioningStyle = Automatic;
					};
				};
			};
			buildConfigurationList = 8103C4CA1E0E82CF004C631D /* Build configuration list for PBXProject "Grid" */;
			compatibilityVersion = "Xcode 3.2";
			developmentRegion = English;
			hasScannedForEncodings = 0;
			knownRegions = (
				en,
				Base,
			);
			mainGroup = 8103C4C61E0E82CF004C631D;
			productRefGroup = 8103C4D01E0E82D2004C631D /* Products */;
			projectDirPath = "";
			projectRoot = "";
			targets = (
				8103C4CE1E0E82D0004C631D /* Grid */,
			);
		};
/* End PBXProject section */

/* Begin PBXResourcesBuildPhase section */
		8103C4CD1E0E82D0004C631D /* Resources */ = {
			isa = PBXResourcesBuildPhase;
			buildActionMask = 2147483647;
			files = (
				8103C4E71E0FD082004C631D /* GridColumnHeaderCell.xib in Resources */,
				8103C4E91E0FD0FA004C631D /* GridRowHeaderCell.xib in Resources */,
				8103C4EB1E0FD126004C631D /* GridItemCell.xib in Resources */,
				8103C4DD1E0E82D2004C631D /* LaunchScreen.storyboard in Resources */,
				8103C4DA1E0E82D2004C631D /* Assets.xcassets in Resources */,
				8103C4D81E0E82D2004C631D /* Main.storyboard in Resources */,
			);
			runOnlyForDeploymentPostprocessing = 0;
		};
/* End PBXResourcesBuildPhase section */

/* Begin PBXSourcesBuildPhase section */
		8103C4CB1E0E82D0004C631D /* Sources */ = {
			isa = PBXSourcesBuildPhase;
			buildActionMask = 2147483647;
			files = (
				8103C4D51E0E82D2004C631D /* ViewController.swift in Sources */,
				8103C4E51E0E837E004C631D /* GridCollectionViewLayout.swift in Sources */,
				8103C4D31E0E82D2004C631D /* AppDelegate.swift in Sources */,
			);
			runOnlyForDeploymentPostprocessing = 0;
		};
/* End PBXSourcesBuildPhase section */

/* Begin PBXVariantGroup section */
		8103C4D61E0E82D2004C631D /* Main.storyboard */ = {
			isa = PBXVariantGroup;
			children = (
				8103C4D71E0E82D2004C631D /* Base */,
			);
			name = Main.storyboard;
			sourceTree = "<group>";
		};
		8103C4DB1E0E82D2004C631D /* LaunchScreen.storyboard */ = {
			isa = PBXVariantGroup;
			children = (
				8103C4DC1E0E82D2004C631D /* Base */,
			);
			name = LaunchScreen.storyboard;
			sourceTree = "<group>";
		};
/* End PBXVariantGroup section */

/* Begin XCBuildConfiguration section */
		8103C4DF1E0E82D2004C631D /* Debug */ = {
			isa = XCBuildConfiguration;
			buildSettings = {
				ALWAYS_SEARCH_USER_PATHS = NO;
				CLANG_ANALYZER_NONNULL = YES;
				CLANG_CXX_LANGUAGE_STANDARD = "gnu++0x";
				CLANG_CXX_LIBRARY = "libc++";
				CLANG_ENABLE_MODULES = YES;
				CLANG_ENABLE_OBJC_ARC = YES;
				CLANG_WARN_BOOL_CONVERSION = YES;
				CLANG_WARN_CONSTANT_CONVERSION = YES;
				CLANG_WARN_DIRECT_OBJC_ISA_USAGE = YES_ERROR;
				CLANG_WARN_DOCUMENTATION_COMMENTS = YES;
				CLANG_WARN_EMPTY_BODY = YES;
				CLANG_WARN_ENUM_CONVERSION = YES;
				CLANG_WARN_INFINITE_RECURSION = YES;
				CLANG_WARN_INT_CONVERSION = YES;
				CLANG_WARN_OBJC_ROOT_CLASS = YES_ERROR;
				CLANG_WARN_SUSPICIOUS_MOVE = YES;
				CLANG_WARN_UNREACHABLE_CODE = YES;
				CLANG_WARN__DUPLICATE_METHOD_MATCH = YES;
				"CODE_SIGN_IDENTITY[sdk=iphoneos*]" = "iPhone Developer";
				COPY_PHASE_STRIP = NO;
				DEBUG_INFORMATION_FORMAT = dwarf;
				ENABLE_STRICT_OBJC_MSGSEND = YES;
				ENABLE_TESTABILITY = YES;
				GCC_C_LANGUAGE_STANDARD = gnu99;
				GCC_DYNAMIC_NO_PIC = NO;
				GCC_NO_COMMON_BLOCKS = YES;
				GCC_OPTIMIZATION_LEVEL = 0;
				GCC_PREPROCESSOR_DEFINITIONS = (
					"DEBUG=1",
					"$(inherited)",
				);
				GCC_WARN_64_TO_32_BIT_CONVERSION = YES;
				GCC_WARN_ABOUT_RETURN_TYPE = YES_ERROR;
				GCC_WARN_UNDECLARED_SELECTOR = YES;
				GCC_WARN_UNINITIALIZED_AUTOS = YES_AGGRESSIVE;
				GCC_WARN_UNUSED_FUNCTION = YES;
				GCC_WARN_UNUSED_VARIABLE = YES;
				IPHONEOS_DEPLOYMENT_TARGET = 10.2;
				MTL_ENABLE_DEBUG_INFO = YES;
				ONLY_ACTIVE_ARCH = YES;
				SDKROOT = iphoneos;
				SWIFT_ACTIVE_COMPILATION_CONDITIONS = DEBUG;
				SWIFT_OPTIMIZATION_LEVEL = "-Onone";
			};
			name = Debug;
		};
		8103C4E01E0E82D2004C631D /* Release */ = {
			isa = XCBuildConfiguration;
			buildSettings = {
				ALWAYS_SEARCH_USER_PATHS = NO;
				CLANG_ANALYZER_NONNULL = YES;
				CLANG_CXX_LANGUAGE_STANDARD = "gnu++0x";
				CLANG_CXX_LIBRARY = "libc++";
				CLANG_ENABLE_MODULES = YES;
				CLANG_ENABLE_OBJC_ARC = YES;
				CLANG_WARN_BOOL_CONVERSION = YES;
				CLANG_WARN_CONSTANT_CONVERSION = YES;
				CLANG_WARN_DIRECT_OBJC_ISA_USAGE = YES_ERROR;
				CLANG_WARN_DOCUMENTATION_COMMENTS = YES;
				CLANG_WARN_EMPTY_BODY = YES;
				CLANG_WARN_ENUM_CONVERSION = YES;
				CLANG_WARN_INFINITE_RECURSION = YES;
				CLANG_WARN_INT_CONVERSION = YES;
				CLANG_WARN_OBJC_ROOT_CLASS = YES_ERROR;
				CLANG_WARN_SUSPICIOUS_MOVE = YES;
				CLANG_WARN_UNREACHABLE_CODE = YES;
				CLANG_WARN__DUPLICATE_METHOD_MATCH = YES;
				"CODE_SIGN_IDENTITY[sdk=iphoneos*]" = "iPhone Developer";
				COPY_PHASE_STRIP = NO;
				DEBUG_INFORMATION_FORMAT = "dwarf-with-dsym";
				ENABLE_NS_ASSERTIONS = NO;
				ENABLE_STRICT_OBJC_MSGSEND = YES;
				GCC_C_LANGUAGE_STANDARD = gnu99;
				GCC_NO_COMMON_BLOCKS = YES;
				GCC_WARN_64_TO_32_BIT_CONVERSION = YES;
				GCC_WARN_ABOUT_RETURN_TYPE = YES_ERROR;
				GCC_WARN_UNDECLARED_SELECTOR = YES;
				GCC_WARN_UNINITIALIZED_AUTOS = YES_AGGRESSIVE;
				GCC_WARN_UNUSED_FUNCTION = YES;
				GCC_WARN_UNUSED_VARIABLE = YES;
				IPHONEOS_DEPLOYMENT_TARGET = 10.2;
				MTL_ENABLE_DEBUG_INFO = NO;
				SDKROOT = iphoneos;
				SWIFT_OPTIMIZATION_LEVEL = "-Owholemodule";
				VALIDATE_PRODUCT = YES;
			};
			name = Release;
		};
		8103C4E21E0E82D2004C631D /* Debug */ = {
			isa = XCBuildConfiguration;
			buildSettings = {
				ASSETCATALOG_COMPILER_APPICON_NAME = AppIcon;
				DEVELOPMENT_TEAM = 3WTWCVH7JG;
				INFOPLIST_FILE = Grid/Info.plist;
				LD_RUNPATH_SEARCH_PATHS = "$(inherited) @executable_path/Frameworks";
				PRODUCT_BUNDLE_IDENTIFIER = com.petrov.test.Grid;
				PRODUCT_NAME = "$(TARGET_NAME)";
				SWIFT_VERSION = 3.0;
			};
			name = Debug;
		};
		8103C4E31E0E82D2004C631D /* Release */ = {
			isa = XCBuildConfiguration;
			buildSettings = {
				ASSETCATALOG_COMPILER_APPICON_NAME = AppIcon;
				DEVELOPMENT_TEAM = 3WTWCVH7JG;
				INFOPLIST_FILE = Grid/Info.plist;
				LD_RUNPATH_SEARCH_PATHS = "$(inherited) @executable_path/Frameworks";
				PRODUCT_BUNDLE_IDENTIFIER = com.petrov.test.Grid;
				PRODUCT_NAME = "$(TARGET_NAME)";
				SWIFT_VERSION = 3.0;
			};
			name = Release;
		};
/* End XCBuildConfiguration section */

/* Begin XCConfigurationList section */
		8103C4CA1E0E82CF004C631D /* Build configuration list for PBXProject "Grid" */ = {
			isa = XCConfigurationList;
			buildConfigurations = (
				8103C4DF1E0E82D2004C631D /* Debug */,
				8103C4E01E0E82D2004C631D /* Release */,
			);
			defaultConfigurationIsVisible = 0;
			defaultConfigurationName = Release;
		};
		8103C4E11E0E82D2004C631D /* Build configuration list for PBXNativeTarget "Grid" */ = {
			isa = XCConfigurationList;
			buildConfigurations = (
				8103C4E21E0E82D2004C631D /* Debug */,
				8103C4E31E0E82D2004C631D /* Release */,
			);
			defaultConfigurationIsVisible = 0;
		};
/* End XCConfigurationList section */
	};
	rootObject = 8103C4C71E0E82CF004C631D /* Project object */;
}
